
Microsoft Visual Studio Solution File, Format Version 12.00
# Visual Studio Version 17
VisualStudioVersion = 17.13.35828.75 d17.13
MinimumVisualStudioVersion = 10.0.40219.1
Project("{FAE04EC0-301F-11D3-BF4B-00C04F79EFBC}") = "Exercicio_4", "Exercicio_4\Exercicio_4.csproj", "{0E580D97-9BE5-435F-9390-8B82DB5E1FB4}"
EndProject
Global
	GlobalSection(SolutionConfigurationPlatforms) = preSolution
		Debug|Any CPU = Debug|Any CPU
		Release|Any CPU = Release|Any CPU
	EndGlobalSection
	GlobalSection(ProjectConfigurationPlatforms) = postSolution
		{0E580D97-9BE5-435F-9390-8B82DB5E1FB4}.Debug|Any CPU.ActiveCfg = Debug|Any CPU
		{0E580D97-9BE5-435F-9390-8B82DB5E1FB4}.Debug|Any CPU.Build.0 = Debug|Any CPU
		{0E580D97-9BE5-435F-9390-8B82DB5E1FB4}.Release|Any CPU.ActiveCfg = Release|Any CPU
		{0E580D97-9BE5-435F-9390-8B82DB5E1FB4}.Release|Any CPU.Build.0 = Release|Any CPU
	EndGlobalSection
	GlobalSection(SolutionProperties) = preSolution
		HideSolutionNode = FALSE
	EndGlobalSection
	GlobalSection(ExtensibilityGlobals) = postSolution
		SolutionGuid = {30F7F64A-B0EE-4303-8489-323CE8294643}
	EndGlobalSection
EndGlobal
